Microsoft Visual Studio Solution File, Format Version 12.00
# Visual Studio Version 17
VisualStudioVersion = 17.5.2.0
MinimumVisualStudioVersion = 10.0.40219.1
Project("{FAE04EC0-301F-11D3-BF4B-00C04F79EFBC}") = "Zipper", "Zipper\Zipper.csproj", "{1474978F-9AD6-5A77-CB20-226C4558AE8A}"
EndProject
Global
	GlobalSection(SolutionConfigurationPlatforms) = preSolution
		Debug|Any CPU = Debug|Any CPU
		Release|Any CPU = Release|Any CPU
	EndGlobalSection
	GlobalSection(ProjectConfigurationPlatforms) = postSolution
		{1474978F-9AD6-5A77-CB20-226C4558AE8A}.Debug|Any CPU.ActiveCfg = Debug|Any CPU
		{1474978F-9AD6-5A77-CB20-226C4558AE8A}.Debug|Any CPU.Build.0 = Debug|Any CPU
		{1474978F-9AD6-5A77-CB20-226C4558AE8A}.Release|Any CPU.ActiveCfg = Release|Any CPU
		{1474978F-9AD6-5A77-CB20-226C4558AE8A}.Release|Any CPU.Build.0 = Release|Any CPU
	EndGlobalSection
	GlobalSection(SolutionProperties) = preSolution
		HideSolutionNode = FALSE
	EndGlobalSection
	GlobalSection(ExtensibilityGlobals) = postSolution
		SolutionGuid = {DFA7FE3F-C1B2-4F1D-B7C0-C5497B1254A1}
	EndGlobalSection
EndGlobal
