{
  "version": 1,
  "dependencies": {
    "net8.0": {
      "Microsoft.NET.ILLink.Tasks": {
        "type": "Direct",
        "requested": "[8.0.21, )",
        "resolved": "8.0.21",
        "contentHash": "s8H5PZQs50OcNkaB6Si54+v3GWM7vzs6vxFRMlD3aXsbM+aPCtod62gmK0BYWou9diGzmo56j8cIf/PziijDqQ=="
      },
      "SixLabors.ImageSharp": {
        "type": "Direct",
        "requested": "[3.1.12, )",
        "resolved": "3.1.12",
        "contentHash": "iAg6zifihXEFS/t7fiHhZBGAdCp3FavsF4i2ZIDp0JfeYeDVzvmlbY1CNhhIKimaIzrzSi5M/NBFcWvZT2rB/A=="
      },
      "System.Text.Encoding.CodePages": {
        "type": "Direct",
        "requested": "[10.0.1, )",
        "resolved": "10.0.1",
        "contentHash": "lsaz3vFh4sl7k1UAwZkyDLPFvZRyVPBniqFne98LwUesNkTJta1XXGri25vRho0TxesYBBNHTv06IqpHkzK6Aw=="
      }
    },
    "net8.0/linux-x64": {
      "System.Text.Encoding.CodePages": {
        "type": "Direct",
        "requested": "[10.0.1, )",
        "resolved": "10.0.1",
        "contentHash": "lsaz3vFh4sl7k1UAwZkyDLPFvZRyVPBniqFne98LwUesNkTJta1XXGri25vRho0TxesYBBNHTv06IqpHkzK6Aw=="
      }
    },
    "net8.0/osx-arm64": {
      "System.Text.Encoding.CodePages": {
        "type": "Direct",
        "requested": "[10.0.1, )",
        "resolved": "10.0.1",
        "contentHash": "lsaz3vFh4sl7k1UAwZkyDLPFvZRyVPBniqFne98LwUesNkTJta1XXGri25vRho0TxesYBBNHTv06IqpHkzK6Aw=="
      }
    },
    "net8.0/osx-x64": {
      "System.Text.Encoding.CodePages": {
        "type": "Direct",
        "requested": "[10.0.1, )",
        "resolved": "10.0.1",
        "contentHash": "lsaz3vFh4sl7k1UAwZkyDLPFvZRyVPBniqFne98LwUesNkTJta1XXGri25vRho0TxesYBBNHTv06IqpHkzK6Aw=="
      }
    },
    "net8.0/win-x64": {
      "System.Text.Encoding.CodePages": {
        "type": "Direct",
        "requested": "[10.0.1, )",
        "resolved": "10.0.1",
        "contentHash": "lsaz3vFh4sl7k1UAwZkyDLPFvZRyVPBniqFne98LwUesNkTJta1XXGri25vRho0TxesYBBNHTv06IqpHkzK6Aw=="
      }
    }
  }
}