{
  "version": 1,
  "dependencies": {
    "net8.0": {
      "ClosedXML": {
        "type": "Direct",
        "requested": "[0.104.2, )",
        "resolved": "0.104.2",
        "contentHash": "gOkSjQ152MhpKmw70cBkJV+FnaZAWzDwM36luRf/7FlWYnNeH++9XYdGTd0Y4KQlVPkKVxy948M5MMsnsGC4GQ==",
        "dependencies": {
          "ClosedXML.Parser": "[1.2.0, 2.0.0)",
          "DocumentFormat.OpenXml": "[3.1.1, 4.0.0)",
          "ExcelNumberFormat": "1.1.0",
          "RBush": "4.0.0",
          "SixLabors.Fonts": "1.0.0"
        }
      },
      "DocumentFormat.OpenXml": {
        "type": "Direct",
        "requested": "[3.1.1, )",
        "resolved": "3.1.1",
        "contentHash": "2z9QBzeTLNNKWM9SaOSDMegfQk/7hDuElOsmF77pKZMkFRP/GHA/W/4yOAQD9kn15N/FsFxHn3QVYkatuZghiA==",
        "dependencies": {
          "DocumentFormat.OpenXml.Framework": "3.1.1"
        }
      },
      "Microsoft.NET.ILLink.Tasks": {
        "type": "Direct",
        "requested": "[8.0.22, )",
        "resolved": "8.0.22",
        "contentHash": "MhcMithKEiyyNkD2ZfbDZPmcOdi0GheGfg8saEIIEfD/fol3iHmcV8TsZkD4ZYz5gdUuoX4YtlVySUU7Sxl9SQ=="
      },
      "SixLabors.ImageSharp": {
        "type": "Direct",
        "requested": "[3.1.12, )",
        "resolved": "3.1.12",
        "contentHash": "iAg6zifihXEFS/t7fiHhZBGAdCp3FavsF4i2ZIDp0JfeYeDVzvmlbY1CNhhIKimaIzrzSi5M/NBFcWvZT2rB/A=="
      },
      "StyleCop.Analyzers": {
        "type": "Direct",
        "requested": "[1.2.0-beta.556, )",
        "resolved": "1.2.0-beta.556",
        "contentHash": "llRPgmA1fhC0I0QyFLEcjvtM2239QzKr/tcnbsjArLMJxJlu0AA5G7Fft0OI30pHF3MW63Gf4aSSsjc5m82J1Q==",
        "dependencies": {
          "StyleCop.Analyzers.Unstable": "1.2.0.556"
        }
      },
      "System.Drawing.Common": {
        "type": "Direct",
        "requested": "[10.0.1, )",
        "resolved": "10.0.1",
        "contentHash": "cmkIduwyVPfuO8kNehu3xNcjo26nMgUoJyfso9S/zTO85YovvPPG0/AFLjanx1iVgQ80OpJVnLb1jU3aIKNLdg==",
        "dependencies": {
          "Microsoft.Win32.SystemEvents": "10.0.1"
        }
      },
      "System.Text.Encoding.CodePages": {
        "type": "Direct",
        "requested": "[10.0.1, )",
        "resolved": "10.0.1",
        "contentHash": "lsaz3vFh4sl7k1UAwZkyDLPFvZRyVPBniqFne98LwUesNkTJta1XXGri25vRho0TxesYBBNHTv06IqpHkzK6Aw=="
      },
      "ClosedXML.Parser": {
        "type": "Transitive",
        "resolved": "1.2.0",
        "contentHash": "w+/0tsxABS3lkSH8EUlA7IGme+mq5T/Puf3DbOiTckmSuUpAUO2LK29oXYByCcWkBv6wcRHxgWlQb1lxkwI0Tw=="
      },
      "DocumentFormat.OpenXml.Framework": {
        "type": "Transitive",
        "resolved": "3.1.1",
        "contentHash": "6APEp/ElZV58S/4v8mf4Ke3ONEDORs64MqdD64Z7wWpcHANB9oovQsGIwtqjnKihulOj7T0a6IxHIHOfMqKOng==",
        "dependencies": {
          "System.IO.Packaging": "8.0.1"
        }
      },
      "ExcelNumberFormat": {
        "type": "Transitive",
        "resolved": "1.1.0",
        "contentHash": "R3BVHPs9O+RkExbZYTGT0+9HLbi8ZrNij1Yziyw6znd3J7P3uoIR07uwTLGOogtz1p6+0sna66eBoXu7tBiVQA=="
      },
      "Microsoft.Win32.SystemEvents": {
        "type": "Transitive",
        "resolved": "10.0.1",
        "contentHash": "trU4LN2C04nj5qnl8HqoX0NJGPCFg9h2f5o+jjp3Xm8c8fQtu6Ga1/fNFMf3AapoHyLP1WlP21XnL2ij/TLKlg=="
      },
      "RBush": {
        "type": "Transitive",
        "resolved": "4.0.0",
        "contentHash": "j3GeRxxLUQdc+UrZnvythdQxi3bd8ayn87VDjfGXrvfodF550n9wR6SgQvpo+YiAv3GJezsu6lK0l47rRqnbdg=="
      },
      "SixLabors.Fonts": {
        "type": "Transitive",
        "resolved": "1.0.0",
        "contentHash": "LFQsCZlV0xlUyXAOMUo5kkSl+8zAQXXbbdwWchtk0B4o7zotZhQsQOcJUELGHdfPfm/xDAsz6hONAuV25bJaAg=="
      },
      "StyleCop.Analyzers.Unstable": {
        "type": "Transitive",
        "resolved": "1.2.0.556",
        "contentHash": "zvn9Mqs/ox/83cpYPignI8hJEM2A93s2HkHs8HYMOAQW0PkampyoErAiIyKxgTLqbbad29HX/shv/6LGSjPJNQ=="
      },
      "System.IO.Packaging": {
        "type": "Transitive",
        "resolved": "8.0.1",
        "contentHash": "KYkIOAvPexQOLDxPO2g0BVoWInnQhPpkFzRqvNrNrMhVT6kqhVr0zEb6KCHlptLFukxnZrjuMVAnxK7pOGUYrw=="
      }
    },
    "net8.0/linux-x64": {
      "System.Text.Encoding.CodePages": {
        "type": "Direct",
        "requested": "[10.0.1, )",
        "resolved": "10.0.1",
        "contentHash": "lsaz3vFh4sl7k1UAwZkyDLPFvZRyVPBniqFne98LwUesNkTJta1XXGri25vRho0TxesYBBNHTv06IqpHkzK6Aw=="
      },
      "Microsoft.Win32.SystemEvents": {
        "type": "Transitive",
        "resolved": "10.0.1",
        "contentHash": "trU4LN2C04nj5qnl8HqoX0NJGPCFg9h2f5o+jjp3Xm8c8fQtu6Ga1/fNFMf3AapoHyLP1WlP21XnL2ij/TLKlg=="
      }
    },
    "net8.0/osx-arm64": {
      "System.Text.Encoding.CodePages": {
        "type": "Direct",
        "requested": "[10.0.1, )",
        "resolved": "10.0.1",
        "contentHash": "lsaz3vFh4sl7k1UAwZkyDLPFvZRyVPBniqFne98LwUesNkTJta1XXGri25vRho0TxesYBBNHTv06IqpHkzK6Aw=="
      },
      "Microsoft.Win32.SystemEvents": {
        "type": "Transitive",
        "resolved": "10.0.1",
        "contentHash": "trU4LN2C04nj5qnl8HqoX0NJGPCFg9h2f5o+jjp3Xm8c8fQtu6Ga1/fNFMf3AapoHyLP1WlP21XnL2ij/TLKlg=="
      }
    },
    "net8.0/osx-x64": {
      "System.Text.Encoding.CodePages": {
        "type": "Direct",
        "requested": "[10.0.1, )",
        "resolved": "10.0.1",
        "contentHash": "lsaz3vFh4sl7k1UAwZkyDLPFvZRyVPBniqFne98LwUesNkTJta1XXGri25vRho0TxesYBBNHTv06IqpHkzK6Aw=="
      },
      "Microsoft.Win32.SystemEvents": {
        "type": "Transitive",
        "resolved": "10.0.1",
        "contentHash": "trU4LN2C04nj5qnl8HqoX0NJGPCFg9h2f5o+jjp3Xm8c8fQtu6Ga1/fNFMf3AapoHyLP1WlP21XnL2ij/TLKlg=="
      }
    },
    "net8.0/win-x64": {
      "System.Text.Encoding.CodePages": {
        "type": "Direct",
        "requested": "[10.0.1, )",
        "resolved": "10.0.1",
        "contentHash": "lsaz3vFh4sl7k1UAwZkyDLPFvZRyVPBniqFne98LwUesNkTJta1XXGri25vRho0TxesYBBNHTv06IqpHkzK6Aw=="
      },
      "Microsoft.Win32.SystemEvents": {
        "type": "Transitive",
        "resolved": "10.0.1",
        "contentHash": "trU4LN2C04nj5qnl8HqoX0NJGPCFg9h2f5o+jjp3Xm8c8fQtu6Ga1/fNFMf3AapoHyLP1WlP21XnL2ij/TLKlg=="
      }
    }
  }
}