{
  "version": 1,
  "dependencies": {
    "net8.0": {
      "Microsoft.NET.ILLink.Tasks": {
        "type": "Direct",
        "requested": "[8.0.22, )",
        "resolved": "8.0.22",
        "contentHash": "MhcMithKEiyyNkD2ZfbDZPmcOdi0GheGfg8saEIIEfD/fol3iHmcV8TsZkD4ZYz5gdUuoX4YtlVySUU7Sxl9SQ=="
      },
      "SixLabors.ImageSharp": {
        "type": "Direct",
        "requested": "[3.1.12, )",
        "resolved": "3.1.12",
        "contentHash": "iAg6zifihXEFS/t7fiHhZBGAdCp3FavsF4i2ZIDp0JfeYeDVzvmlbY1CNhhIKimaIzrzSi5M/NBFcWvZT2rB/A=="
      },
      "System.Text.Encoding.CodePages": {
        "type": "Direct",
        "requested": "[10.0.0, )",
        "resolved": "10.0.0",
        "contentHash": "QLP54mIATaBpjGlsZIxga38VPk1G9js0Kw651B+bvrXi2kSgGZYrxJSpM3whhTZCBK4HEBHX3fzfDQMw7CXHGQ=="
      }
    },
    "net8.0/linux-x64": {
      "System.Text.Encoding.CodePages": {
        "type": "Direct",
        "requested": "[10.0.0, )",
        "resolved": "10.0.0",
        "contentHash": "QLP54mIATaBpjGlsZIxga38VPk1G9js0Kw651B+bvrXi2kSgGZYrxJSpM3whhTZCBK4HEBHX3fzfDQMw7CXHGQ=="
      }
    },
    "net8.0/osx-arm64": {
      "System.Text.Encoding.CodePages": {
        "type": "Direct",
        "requested": "[10.0.0, )",
        "resolved": "10.0.0",
        "contentHash": "QLP54mIATaBpjGlsZIxga38VPk1G9js0Kw651B+bvrXi2kSgGZYrxJSpM3whhTZCBK4HEBHX3fzfDQMw7CXHGQ=="
      }
    },
    "net8.0/osx-x64": {
      "System.Text.Encoding.CodePages": {
        "type": "Direct",
        "requested": "[10.0.0, )",
        "resolved": "10.0.0",
        "contentHash": "QLP54mIATaBpjGlsZIxga38VPk1G9js0Kw651B+bvrXi2kSgGZYrxJSpM3whhTZCBK4HEBHX3fzfDQMw7CXHGQ=="
      }
    },
    "net8.0/win-x64": {
      "System.Text.Encoding.CodePages": {
        "type": "Direct",
        "requested": "[10.0.0, )",
        "resolved": "10.0.0",
        "contentHash": "QLP54mIATaBpjGlsZIxga38VPk1G9js0Kw651B+bvrXi2kSgGZYrxJSpM3whhTZCBK4HEBHX3fzfDQMw7CXHGQ=="
      }
    }
  }
}